github.com/a-h/templ v0.2.543 h1:8YyLvyUtf0/IE2nIwZ62Z/m2o2NqwhnMynzOL78Lzbk=
github.com/a-h/templ v0.2.543/go.mod h1:jP908DQCwI08IrnTalhzSEH9WJqG/Q94+EODQcJGFUA=
github.com/antlr/antlr4/runtime/Go/antlr/v4 v4.0.0-20230512164433-5d1fd1a340c9 h1:goHVqTbFX3AIo0tzGr14pgfAW2ZfPChKO21Z9MGf/gk=
github.com/antlr/antlr4/runtime/Go/antlr/v4 v4.0.0-20230512164433-5d1fd1a340c9/go.mod h1:pSwJ0fSY5KhvocuWSx4fz3BA8OrA1bQn+K1Eli3BRwM=
github.com/davecgh/go-spew v1.1.1 h1:vj9j/u1bqnvCEfJOwUhtlOARqs3+rkHYY13jYWTU97c=
github.com/davecgh/go-spew v1.1.1/go.mod h1:J7Y8YcW2NihsgmVo/mv3lAwl/skON4iLHjSsI+c5H38=
github.com/dmitrymomot/go-env v1.0.2 h1:lTqpscGNU5Bgx98JmTgz3R3fYghQzOT0NhqU6j4yuhY=
github.com/dmitrymomot/go-env v1.0.2/go.mod h1:Xc3/tGc5j+0ggXOy+aWNSayu8LGDcFc+Ueu+btpao2Y=
github.com/go-gorp/gorp/v3 v3.1.0 h1:ItKF/Vbuj31dmV4jxA1qblpSwkl9g1typ24xoe70IGs=
github.com/go-gorp/gorp/v3 v3.1.0/go.mod h1:dLEjIyyRNiXvNZ8PSmzpt1GsWAUK8kjVhEpjH8TixEw=
github.com/go-sql-driver/mysql v1.6.0 h1:BCTh4TKNUYmOmMUcQ3IipzF5prigylS7XXjEkfCHuOE=
github.com/go-sql-driver/mysql v1.6.0/go.mod h1:DCzpHaOWr8IXmIStZouvnhqoel9Qv2LBy8hT2VhHyBg=
github.com/google/go-cmp v0.6.0 h1:ofyhxvXcZhMsU5ulbFiLKl/XBFqE1GSq7atu8tAmTRI=
github.com/google/go-cmp v0.6.0/go.mod h1:17dUlkBOakJ0+DkrSSNjCkIjxS6bF9zb3elmeNGIjoY=
github.com/joho/godotenv v1.5.1 h1:7eLL/+HRGLY0ldzfGMeQkb7vMd0as4CfYvUVzLqw0N0=
github.com/joho/godotenv v1.5.1/go.mod h1:f4LDr5Voq0i2e/R5DDNOoa2zzDfwtkZa6DnEwAbqwq4=
github.com/kr/pretty v0.3.1 h1:flRD4NNwYAUpkphVc1HcthR4KEIFJ65n8Mw5qdRn3LE=
github.com/kr/pretty v0.3.1/go.mod h1:hoEshYVHaxMs3cyo3Yncou5ZscifuDolrwPKZanG3xk=
github.com/kr/text v0.2.0 h1:5Nx0Ya0ZqY2ygV366QzturHI13Jq95ApcVaJBhpS+AY=
github.com/kr/text v0.2.0/go.mod h1:eLer722TekiGuMkidMxC/pM04lWEeraHUUmBw8l2grE=
github.com/lib/pq v1.10.9 h1:YXG7RB+JIjhP29X+OtkiDnYaXQwpS4JEWq7dtCCRUEw=
github.com/lib/pq v1.10.9/go.mod h1:AlVN5x4E4T544tWzH6hKfbfQvm3HdbOxrmggDNAPY9o=
github.com/libsql/sqlite-antlr4-parser v0.0.0-20230802215326-5cb5bb604475 h1:6PfEMwfInASh9hkN83aR0j4W/eKaAZt/AURtXAXlas0=
github.com/libsql/sqlite-antlr4-parser v0.0.0-20230802215326-5cb5bb604475/go.mod h1:20nXSmcf0nAscrzqsXeC2/tA3KkV2eCiJqYuyAgl+ss=
github.com/mattn/go-sqlite3 v1.14.19 h1:fhGleo2h1p8tVChob4I9HpmVFIAkKGpiukdrgQbWfGI=
github.com/mattn/go-sqlite3 v1.14.19/go.mod h1:2eHXhiwb8IkHr+BDWZGa96P6+rkvnG63S2DGjv9HUNg=
github.com/pmezard/go-difflib v1.0.0 h1:4DBwDE0NGyQoBHbLQYPwSUPoCMWR5BEzIk/f1lZbAQM=
github.com/pmezard/go-difflib v1.0.0/go.mod h1:iKH77koFhYxTK1pcRnkKkqfTogsbg7gZNVY4sRDYZ/4=
github.com/poy/onpar v1.1.2 h1:QaNrNiZx0+Nar5dLgTVp5mXkyoVFIbepjyEoGSnhbAY=
github.com/poy/onpar v1.1.2/go.mod h1:6X8FLNoxyr9kkmnlqpK6LSoiOtrO6MICtWwEuWkLjzg=
github.com/rogpeppe/go-internal v1.9.0 h1:73kH8U+JUqXU8lRuOHeVHaa/SZPifC7BkcraZVejAe8=
github.com/rogpeppe/go-internal v1.9.0/go.mod h1:WtVeX8xhTBvf0smdhujwtBcq4Qrzq/fJaraNFVN+nFs=
github.com/rubenv/sql-migrate v1.6.1 h1:bo6/sjsan9HaXAsNxYP/jCEDUGibHp8JmOBw7NTGRos=
github.com/rubenv/sql-migrate v1.6.1/go.mod h1:tPzespupJS0jacLfhbwto/UjSX+8h2FdWB7ar+QlHa0=
github.com/stretchr/testify v1.8.1 h1:w7B6lhMri9wdJUVmEZPGGhZzrYTPvgJArz7wNPgYKsk=
github.com/stretchr/testify v1.8.1/go.mod h1:w2LPCIKwWwSfY2zedu0+kehJoqGctiVI29o6fzry7u4=
github.com/tursodatabase/libsql-client-go v0.0.0-20240208053015-5d6aa1e2196d h1:49v7qF265qIkkdcL0gcHPfWIk3ZqfqXO0IeHaAvYf+E=
github.com/tursodatabase/libsql-client-go v0.0.0-20240208053015-5d6aa1e2196d/go.mod h1:9bKuHS7eZh/0mJndbUOrCx8Ej3PlsRDszj4L7oVYMPQ=
go.uber.org/goleak v1.2.0 h1:xqgm/S+aQvhWFTtR0XK3Jvg7z8kGV8P4X14IzwN3Eqk=
go.uber.org/goleak v1.2.0/go.mod h1:XJYK+MuIchqpmGmUSAzotztawfKvYLUIgg7guXrwVUo=
go.uber.org/multierr v1.11.0 h1:blXXJkSxSSfBVBlC76pxqeO+LN3aDfLQo+309xJstO0=
go.uber.org/multierr v1.11.0/go.mod h1:20+QtiLqy0Nd6FdQB9TLXag12DsQkrbs3htMFfDN80Y=
go.uber.org/zap v1.26.0 h1:sI7k6L95XOKS281NhVKOFCUNIvv9e0w4BF8N3u+tCRo=
go.uber.org/zap v1.26.0/go.mod h1:dtElttAiwGvoJ/vj4IwHBS/gXsEu/pZ50mUIRWuG0so=
golang.org/x/exp v0.0.0-20240205201215-2c58cdc269a3 h1:/RIbNt/Zr7rVhIkQhooTxCxFcdWLGIKnZA4IXNFSrvo=
golang.org/x/exp v0.0.0-20240205201215-2c58cdc269a3/go.mod h1:idGWGoKP1toJGkd5/ig9ZLuPcZBC3ewk7SzmH0uou08=
gopkg.in/check.v1 v1.0.0-20201130134442-10cb98267c6c h1:Hei/4ADfdWqJk1ZMxUNpqntNwaWcugrBjAiHlqqRiVk=
gopkg.in/check.v1 v1.0.0-20201130134442-10cb98267c6c/go.mod h1:JHkPIbrfpd72SG/EVd6muEfDQjcINNoR0C8j2r3qZ4Q=
gopkg.in/yaml.v3 v3.0.1 h1:fxVm/GzAzEWqLHuvctI91KS9hhNmmWOoWu0XTYJS7CA=
gopkg.in/yaml.v3 v3.0.1/go.mod h1:K4uyk7z7BCEPqu6E+C64Yfv1cQ7kz7rIZviUmN+EgEM=
nhooyr.io/websocket v1.8.10 h1:mv4p+MnGrLDcPlBoWsvPP7XCzTYMXP9F9eIGoKbgx7Q=
nhooyr.io/websocket v1.8.10/go.mod h1:rN9OFWIUwuxg4fR5tELlYC04bXYowCP9GX47ivo2l+c=
